
Microsoft Visual Studio Solution File, Format Version 12.00
# Visual Studio Version 17
VisualStudioVersion = 17.5.33516.290
MinimumVisualStudioVersion = 10.0.40219.1
Project("{FAE04EC0-301F-11D3-BF4B-00C04F79EFBC}") = "test", "test.csproj", "{9EAF802C-E3AB-4602-9BCD-7415F56FBDC4}"
EndProject
Global
	GlobalSection(SolutionConfigurationPlatforms) = preSolution
		Debug|Any CPU = Debug|Any CPU
		Release|Any CPU = Release|Any CPU
	EndGlobalSection
	GlobalSection(ProjectConfigurationPlatforms) = postSolution
		{9EAF802C-E3AB-4602-9BCD-7415F56FBDC4}.Debug|Any CPU.ActiveCfg = Debug|Any CPU
		{9EAF802C-E3AB-4602-9BCD-7415F56FBDC4}.Debug|Any CPU.Build.0 = Debug|Any CPU
		{9EAF802C-E3AB-4602-9BCD-7415F56FBDC4}.Release|Any CPU.ActiveCfg = Release|Any CPU
		{9EAF802C-E3AB-4602-9BCD-7415F56FBDC4}.Release|Any CPU.Build.0 = Release|Any CPU
	EndGlobalSection
	GlobalSection(SolutionProperties) = preSolution
		HideSolutionNode = FALSE
	EndGlobalSection
	GlobalSection(ExtensibilityGlobals) = postSolution
		SolutionGuid = {1CE9690B-BCB7-42C3-B48D-B17C0D6E60A8}
	EndGlobalSection
EndGlobal
